
Microsoft Visual Studio Solution File, Format Version 12.00
# Visual Studio Version 17
VisualStudioVersion = 17.4.33213.308
MinimumVisualStudioVersion = 10.0.40219.1
Project("{FAE04EC0-301F-11D3-BF4B-00C04F79EFBC}") = "aula27.2", "aula27.2.csproj", "{99DFDA85-9AF8-4F89-955E-C368CFD51183}"
EndProject
Global
	GlobalSection(SolutionConfigurationPlatforms) = preSolution
		Debug|Any CPU = Debug|Any CPU
		Release|Any CPU = Release|Any CPU
	EndGlobalSection
	GlobalSection(ProjectConfigurationPlatforms) = postSolution
		{99DFDA85-9AF8-4F89-955E-C368CFD51183}.Debug|Any CPU.ActiveCfg = Debug|Any CPU
		{99DFDA85-9AF8-4F89-955E-C368CFD51183}.Debug|Any CPU.Build.0 = Debug|Any CPU
		{99DFDA85-9AF8-4F89-955E-C368CFD51183}.Release|Any CPU.ActiveCfg = Release|Any CPU
		{99DFDA85-9AF8-4F89-955E-C368CFD51183}.Release|Any CPU.Build.0 = Release|Any CPU
	EndGlobalSection
	GlobalSection(SolutionProperties) = preSolution
		HideSolutionNode = FALSE
	EndGlobalSection
	GlobalSection(ExtensibilityGlobals) = postSolution
		SolutionGuid = {DA125027-758C-40AA-A65F-64395F3A2C61}
	EndGlobalSection
EndGlobal
